
Microsoft Visual Studio Solution File, Format Version 12.00
# Visual Studio Version 17
VisualStudioVersion = 17.7.34031.279
MinimumVisualStudioVersion = 10.0.40219.1
Project("{8BC9CEB8-8B4A-11D0-8D11-00A0C91BC942}") = "WordLadder2", "WordLadder2\WordLadder2.vcxproj", "{184B0331-FF21-4F57-8B2D-1C32D1A67A56}"
EndProject
Project("{8BC9CEB8-8B4A-11D0-8D11-00A0C91BC942}") = "1_Two_Sum", "1_Two_Sum\1_Two_Sum.vcxproj", "{989AF42F-B8C1-484E-B77B-A5FB7649F141}"
EndProject
Project("{8BC9CEB8-8B4A-11D0-8D11-00A0C91BC942}") = "49_Group_Anagrams", "49_Group_Anagrams\49_Group_Anagrams.vcxproj", "{7BB08B97-DB70-4855-A8FE-11ED7C2C04B0}"
EndProject
Project("{8BC9CEB8-8B4A-11D0-8D11-00A0C91BC942}") = "2_Add_Two_Numbers", "2_Add_Two_Numbers\2_Add_Two_Numbers.vcxproj", "{140DEC1D-97D6-4DEE-999C-3A499C5B4A68}"
EndProject
Project("{8BC9CEB8-8B4A-11D0-8D11-00A0C91BC942}") = "17_Letter_Combinations_of_a_Phone_Number", "17_Letter_Combinations_of_a_Phone_Number\17_Letter_Combinations_of_a_Phone_Number.vcxproj", "{A6415B0D-3F56-4E20-90C8-CFD994573440}"
EndProject
Project("{8BC9CEB8-8B4A-11D0-8D11-00A0C91BC942}") = "utils", "utils\utils.vcxproj", "{DFDD2E03-A6A8-4861-A142-D3EF02281428}"
EndProject
Project("{8BC9CEB8-8B4A-11D0-8D11-00A0C91BC942}") = "51_N_Queens", "51_N_Queens\51_N_Queens.vcxproj", "{E75274B0-1AE1-44EA-9910-00B7D51BC246}"
EndProject
Global
	GlobalSection(SolutionConfigurationPlatforms) = preSolution
		Debug|x64 = Debug|x64
		Debug|x86 = Debug|x86
		Release|x64 = Release|x64
		Release|x86 = Release|x86
	EndGlobalSection
	GlobalSection(ProjectConfigurationPlatforms) = postSolution
		{184B0331-FF21-4F57-8B2D-1C32D1A67A56}.Debug|x64.ActiveCfg = Debug|x64
		{184B0331-FF21-4F57-8B2D-1C32D1A67A56}.Debug|x64.Build.0 = Debug|x64
		{184B0331-FF21-4F57-8B2D-1C32D1A67A56}.Debug|x86.ActiveCfg = Debug|Win32
		{184B0331-FF21-4F57-8B2D-1C32D1A67A56}.Debug|x86.Build.0 = Debug|Win32
		{184B0331-FF21-4F57-8B2D-1C32D1A67A56}.Release|x64.ActiveCfg = Release|x64
		{184B0331-FF21-4F57-8B2D-1C32D1A67A56}.Release|x64.Build.0 = Release|x64
		{184B0331-FF21-4F57-8B2D-1C32D1A67A56}.Release|x86.ActiveCfg = Release|Win32
		{184B0331-FF21-4F57-8B2D-1C32D1A67A56}.Release|x86.Build.0 = Release|Win32
		{989AF42F-B8C1-484E-B77B-A5FB7649F141}.Debug|x64.ActiveCfg = Debug|x64
		{989AF42F-B8C1-484E-B77B-A5FB7649F141}.Debug|x64.Build.0 = Debug|x64
		{989AF42F-B8C1-484E-B77B-A5FB7649F141}.Debug|x86.ActiveCfg = Debug|Win32
		{989AF42F-B8C1-484E-B77B-A5FB7649F141}.Debug|x86.Build.0 = Debug|Win32
		{989AF42F-B8C1-484E-B77B-A5FB7649F141}.Release|x64.ActiveCfg = Release|x64
		{989AF42F-B8C1-484E-B77B-A5FB7649F141}.Release|x64.Build.0 = Release|x64
		{989AF42F-B8C1-484E-B77B-A5FB7649F141}.Release|x86.ActiveCfg = Release|Win32
		{989AF42F-B8C1-484E-B77B-A5FB7649F141}.Release|x86.Build.0 = Release|Win32
		{7BB08B97-DB70-4855-A8FE-11ED7C2C04B0}.Debug|x64.ActiveCfg = Debug|x64
		{7BB08B97-DB70-4855-A8FE-11ED7C2C04B0}.Debug|x64.Build.0 = Debug|x64
		{7BB08B97-DB70-4855-A8FE-11ED7C2C04B0}.Debug|x86.ActiveCfg = Debug|Win32
		{7BB08B97-DB70-4855-A8FE-11ED7C2C04B0}.Debug|x86.Build.0 = Debug|Win32
		{7BB08B97-DB70-4855-A8FE-11ED7C2C04B0}.Release|x64.ActiveCfg = Release|x64
		{7BB08B97-DB70-4855-A8FE-11ED7C2C04B0}.Release|x64.Build.0 = Release|x64
		{7BB08B97-DB70-4855-A8FE-11ED7C2C04B0}.Release|x86.ActiveCfg = Release|Win32
		{7BB08B97-DB70-4855-A8FE-11ED7C2C04B0}.Release|x86.Build.0 = Release|Win32
		{140DEC1D-97D6-4DEE-999C-3A499C5B4A68}.Debug|x64.ActiveCfg = Debug|x64
		{140DEC1D-97D6-4DEE-999C-3A499C5B4A68}.Debug|x64.Build.0 = Debug|x64
		{140DEC1D-97D6-4DEE-999C-3A499C5B4A68}.Debug|x86.ActiveCfg = Debug|Win32
		{140DEC1D-97D6-4DEE-999C-3A499C5B4A68}.Debug|x86.Build.0 = Debug|Win32
		{140DEC1D-97D6-4DEE-999C-3A499C5B4A68}.Release|x64.ActiveCfg = Release|x64
		{140DEC1D-97D6-4DEE-999C-3A499C5B4A68}.Release|x64.Build.0 = Release|x64
		{140DEC1D-97D6-4DEE-999C-3A499C5B4A68}.Release|x86.ActiveCfg = Release|Win32
		{140DEC1D-97D6-4DEE-999C-3A499C5B4A68}.Release|x86.Build.0 = Release|Win32
		{A6415B0D-3F56-4E20-90C8-CFD994573440}.Debug|x64.ActiveCfg = Debug|x64
		{A6415B0D-3F56-4E20-90C8-CFD994573440}.Debug|x64.Build.0 = Debug|x64
		{A6415B0D-3F56-4E20-90C8-CFD994573440}.Debug|x86.ActiveCfg = Debug|Win32
		{A6415B0D-3F56-4E20-90C8-CFD994573440}.Debug|x86.Build.0 = Debug|Win32
		{A6415B0D-3F56-4E20-90C8-CFD994573440}.Release|x64.ActiveCfg = Release|x64
		{A6415B0D-3F56-4E20-90C8-CFD994573440}.Release|x64.Build.0 = Release|x64
		{A6415B0D-3F56-4E20-90C8-CFD994573440}.Release|x86.ActiveCfg = Release|Win32
		{A6415B0D-3F56-4E20-90C8-CFD994573440}.Release|x86.Build.0 = Release|Win32
		{DFDD2E03-A6A8-4861-A142-D3EF02281428}.Debug|x64.ActiveCfg = Debug|x64
		{DFDD2E03-A6A8-4861-A142-D3EF02281428}.Debug|x64.Build.0 = Debug|x64
		{DFDD2E03-A6A8-4861-A142-D3EF02281428}.Debug|x86.ActiveCfg = Debug|Win32
		{DFDD2E03-A6A8-4861-A142-D3EF02281428}.Debug|x86.Build.0 = Debug|Win32
		{DFDD2E03-A6A8-4861-A142-D3EF02281428}.Release|x64.ActiveCfg = Release|x64
		{DFDD2E03-A6A8-4861-A142-D3EF02281428}.Release|x64.Build.0 = Release|x64
		{DFDD2E03-A6A8-4861-A142-D3EF02281428}.Release|x86.ActiveCfg = Release|Win32
		{DFDD2E03-A6A8-4861-A142-D3EF02281428}.Release|x86.Build.0 = Release|Win32
		{E75274B0-1AE1-44EA-9910-00B7D51BC246}.Debug|x64.ActiveCfg = Debug|x64
		{E75274B0-1AE1-44EA-9910-00B7D51BC246}.Debug|x64.Build.0 = Debug|x64
		{E75274B0-1AE1-44EA-9910-00B7D51BC246}.Debug|x86.ActiveCfg = Debug|Win32
		{E75274B0-1AE1-44EA-9910-00B7D51BC246}.Debug|x86.Build.0 = Debug|Win32
		{E75274B0-1AE1-44EA-9910-00B7D51BC246}.Release|x64.ActiveCfg = Release|x64
		{E75274B0-1AE1-44EA-9910-00B7D51BC246}.Release|x64.Build.0 = Release|x64
		{E75274B0-1AE1-44EA-9910-00B7D51BC246}.Release|x86.ActiveCfg = Release|Win32
		{E75274B0-1AE1-44EA-9910-00B7D51BC246}.Release|x86.Build.0 = Release|Win32
	EndGlobalSection
	GlobalSection(SolutionProperties) = preSolution
		HideSolutionNode = FALSE
	EndGlobalSection
	GlobalSection(ExtensibilityGlobals) = postSolution
		SolutionGuid = {A9058309-DA75-410D-B144-D87E78D3EA6E}
	EndGlobalSection
EndGlobal
